<?xml version="1.0" encoding="utf-8"?>
<Project ToolsVersion="17.0" xmlns="http://schemas.microsoft.com/developer/msbuild/2003">
  <ItemGroup>
    <CustomBuild Include="E:\Assimp\assimp\CMakeFiles\f698655bde33c5740c525740b2adba3e\INSTALL_force.rule">
      <Filter>CMake Rules</Filter>
    </CustomBuild>
  </ItemGroup>
  <ItemGroup>
    <Filter Include="CMake Rules">
      <UniqueIdentifier>{3585860C-694C-32BA-BF29-10E65C9787F8}</UniqueIdentifier>
    </Filter>
  </ItemGroup>
</Project>
